
Microsoft Visual Studio Solution File, Format Version 12.00
# Visual Studio Version 17
VisualStudioVersion = 17.2.32630.192
MinimumVisualStudioVersion = 10.0.40219.1
Project("{8BC9CEB8-8B4A-11D0-8D11-00A0C91BC942}") = "read_until_18_45__25", "read_until_18_45__25.vcxproj", "{7246E86B-E086-4C5D-A7C2-6D65115A525C}"
EndProject
Global
	GlobalSection(SolutionConfigurationPlatforms) = preSolution
		Debug|x64 = Debug|x64
		Debug|x86 = Debug|x86
		Release|x64 = Release|x64
		Release|x86 = Release|x86
	EndGlobalSection
	GlobalSection(ProjectConfigurationPlatforms) = postSolution
		{7246E86B-E086-4C5D-A7C2-6D65115A525C}.Debug|x64.ActiveCfg = Debug|x64
		{7246E86B-E086-4C5D-A7C2-6D65115A525C}.Debug|x64.Build.0 = Debug|x64
		{7246E86B-E086-4C5D-A7C2-6D65115A525C}.Debug|x86.ActiveCfg = Debug|Win32
		{7246E86B-E086-4C5D-A7C2-6D65115A525C}.Debug|x86.Build.0 = Debug|Win32
		{7246E86B-E086-4C5D-A7C2-6D65115A525C}.Release|x64.ActiveCfg = Release|x64
		{7246E86B-E086-4C5D-A7C2-6D65115A525C}.Release|x64.Build.0 = Release|x64
		{7246E86B-E086-4C5D-A7C2-6D65115A525C}.Release|x86.ActiveCfg = Release|Win32
		{7246E86B-E086-4C5D-A7C2-6D65115A525C}.Release|x86.Build.0 = Release|Win32
	EndGlobalSection
	GlobalSection(SolutionProperties) = preSolution
		HideSolutionNode = FALSE
	EndGlobalSection
	GlobalSection(ExtensibilityGlobals) = postSolution
		SolutionGuid = {7F675FFC-2ACA-410F-894D-0F65C36EDBD8}
	EndGlobalSection
EndGlobal
